
Microsoft Visual Studio Solution File, Format Version 12.00
# Visual Studio Version 17
VisualStudioVersion = 17.4.33403.182
MinimumVisualStudioVersion = 10.0.40219.1
Project("{9A19103F-16F7-4668-BE54-9A1E7A4F7556}") = "ProjectTrumps", "ProjectTrumps\ProjectTrumps.csproj", "{12525E02-EEA1-4B3A-8821-E18A8A2473DA}"
EndProject
Project("{FAE04EC0-301F-11D3-BF4B-00C04F79EFBC}") = "ProjectTrumps.Core", "ProjectTrumps.Core\ProjectTrumps.Core.csproj", "{45C91723-C00F-446A-BDC0-96D86F9BE28B}"
EndProject
Global
	GlobalSection(SolutionConfigurationPlatforms) = preSolution
		Debug|Any CPU = Debug|Any CPU
		Release|Any CPU = Release|Any CPU
	EndGlobalSection
	GlobalSection(ProjectConfigurationPlatforms) = postSolution
		{12525E02-EEA1-4B3A-8821-E18A8A2473DA}.Debug|Any CPU.ActiveCfg = Debug|Any CPU
		{12525E02-EEA1-4B3A-8821-E18A8A2473DA}.Debug|Any CPU.Build.0 = Debug|Any CPU
		{12525E02-EEA1-4B3A-8821-E18A8A2473DA}.Release|Any CPU.ActiveCfg = Release|Any CPU
		{12525E02-EEA1-4B3A-8821-E18A8A2473DA}.Release|Any CPU.Build.0 = Release|Any CPU
		{45C91723-C00F-446A-BDC0-96D86F9BE28B}.Debug|Any CPU.ActiveCfg = Debug|Any CPU
		{45C91723-C00F-446A-BDC0-96D86F9BE28B}.Debug|Any CPU.Build.0 = Debug|Any CPU
		{45C91723-C00F-446A-BDC0-96D86F9BE28B}.Release|Any CPU.ActiveCfg = Release|Any CPU
		{45C91723-C00F-446A-BDC0-96D86F9BE28B}.Release|Any CPU.Build.0 = Release|Any CPU
	EndGlobalSection
	GlobalSection(SolutionProperties) = preSolution
		HideSolutionNode = FALSE
	EndGlobalSection
	GlobalSection(ExtensibilityGlobals) = postSolution
		SolutionGuid = {DD38EB9B-7685-4ED1-90EB-134EBE2A9386}
	EndGlobalSection
EndGlobal
